
Microsoft Visual Studio Solution File, Format Version 12.00
# Visual Studio Version 17
VisualStudioVersion = 17.4.33122.133
MinimumVisualStudioVersion = 10.0.40219.1
Project("{FAE04EC0-301F-11D3-BF4B-00C04F79EFBC}") = "dbLibrary", "dbLibrary\dbLibrary.csproj", "{69ECB6D0-563C-4ADE-831C-E06EF1E9B377}"
EndProject
Project("{FAE04EC0-301F-11D3-BF4B-00C04F79EFBC}") = "webSite", "WebSite\webSite.csproj", "{455BAB0F-889C-470B-9176-455B57ED91D4}"
EndProject
Project("{FAE04EC0-301F-11D3-BF4B-00C04F79EFBC}") = "ruiLibrary", "ruiLibrary\ruiLibrary.csproj", "{20F50A47-D2B5-418B-ADB5-265472A28F69}"
EndProject
Global
	GlobalSection(SolutionConfigurationPlatforms) = preSolution
		Debug|Any CPU = Debug|Any CPU
		Release|Any CPU = Release|Any CPU
	EndGlobalSection
	GlobalSection(ProjectConfigurationPlatforms) = postSolution
		{69ECB6D0-563C-4ADE-831C-E06EF1E9B377}.Debug|Any CPU.ActiveCfg = Debug|Any CPU
		{69ECB6D0-563C-4ADE-831C-E06EF1E9B377}.Debug|Any CPU.Build.0 = Debug|Any CPU
		{69ECB6D0-563C-4ADE-831C-E06EF1E9B377}.Release|Any CPU.ActiveCfg = Release|Any CPU
		{69ECB6D0-563C-4ADE-831C-E06EF1E9B377}.Release|Any CPU.Build.0 = Release|Any CPU
		{455BAB0F-889C-470B-9176-455B57ED91D4}.Debug|Any CPU.ActiveCfg = Debug|Any CPU
		{455BAB0F-889C-470B-9176-455B57ED91D4}.Debug|Any CPU.Build.0 = Debug|Any CPU
		{455BAB0F-889C-470B-9176-455B57ED91D4}.Release|Any CPU.ActiveCfg = Release|Any CPU
		{455BAB0F-889C-470B-9176-455B57ED91D4}.Release|Any CPU.Build.0 = Release|Any CPU
		{20F50A47-D2B5-418B-ADB5-265472A28F69}.Debug|Any CPU.ActiveCfg = Debug|Any CPU
		{20F50A47-D2B5-418B-ADB5-265472A28F69}.Debug|Any CPU.Build.0 = Debug|Any CPU
		{20F50A47-D2B5-418B-ADB5-265472A28F69}.Release|Any CPU.ActiveCfg = Release|Any CPU
		{20F50A47-D2B5-418B-ADB5-265472A28F69}.Release|Any CPU.Build.0 = Release|Any CPU
	EndGlobalSection
	GlobalSection(SolutionProperties) = preSolution
		HideSolutionNode = FALSE
	EndGlobalSection
	GlobalSection(ExtensibilityGlobals) = postSolution
		SolutionGuid = {55B39E84-BB58-4F12-949C-73FF2F3CF699}
	EndGlobalSection
EndGlobal
